
Microsoft Visual Studio Solution File, Format Version 12.00
# Visual Studio 15
VisualStudioVersion = 15.0.28307.329
MinimumVisualStudioVersion = 10.0.40219.1
Project("{FAE04EC0-301F-11D3-BF4B-00C04F79EFBC}") = "PerfectXL.WebDavServer", "PerfectXL.WebDavServer.csproj", "{7A312385-A2F0-4C71-9B7D-A22AB0AA7A00}"
EndProject
Global
	GlobalSection(SolutionConfigurationPlatforms) = preSolution
		Debug|Any CPU = Debug|Any CPU
		Release|Any CPU = Release|Any CPU
		ReleaseBinaries|Any CPU = ReleaseBinaries|Any CPU
	EndGlobalSection
	GlobalSection(ProjectConfigurationPlatforms) = postSolution
		{7A312385-A2F0-4C71-9B7D-A22AB0AA7A00}.Debug|Any CPU.ActiveCfg = Debug|Any CPU
		{7A312385-A2F0-4C71-9B7D-A22AB0AA7A00}.Debug|Any CPU.Build.0 = Debug|Any CPU
		{7A312385-A2F0-4C71-9B7D-A22AB0AA7A00}.Release|Any CPU.ActiveCfg = Release|Any CPU
		{7A312385-A2F0-4C71-9B7D-A22AB0AA7A00}.Release|Any CPU.Build.0 = Release|Any CPU
		{7A312385-A2F0-4C71-9B7D-A22AB0AA7A00}.ReleaseBinaries|Any CPU.ActiveCfg = Release|Any CPU
		{7A312385-A2F0-4C71-9B7D-A22AB0AA7A00}.ReleaseBinaries|Any CPU.Build.0 = Release|Any CPU
	EndGlobalSection
	GlobalSection(SolutionProperties) = preSolution
		HideSolutionNode = FALSE
	EndGlobalSection
	GlobalSection(ExtensibilityGlobals) = postSolution
		SolutionGuid = {510AA1AE-A5F1-4201-A26E-E8BA8104A6B8}
	EndGlobalSection
EndGlobal
